// !$*UTF8*$!
{
	archiveVersion = 1;
	classes = {
	};
	objectVersion = 46;
	objects = {

/* Begin PBXBuildFile section */
		4B1C081D1A99648000B0F51D /* AppDelegate.swift in Sources */ = {isa = PBXBuildFile; fileRef = 4B1C081C1A99648000B0F51D /* AppDelegate.swift */; };
		4B1C081F1A99648000B0F51D /* ViewController.swift in Sources */ = {isa = PBXBuildFile; fileRef = 4B1C081E1A99648000B0F51D /* ViewController.swift */; };
		4B1C08221A99648000B0F51D /* Main.storyboard in Resources */ = {isa = PBXBuildFile; fileRef = 4B1C08201A99648000B0F51D /* Main.storyboard */; };
		4B1C08241A99648000B0F51D /* Images.xcassets in Resources */ = {isa = PBXBuildFile; fileRef = 4B1C08231A99648000B0F51D /* Images.xcassets */; };
		4B1C08271A99648000B0F51D /* LaunchScreen.xib in Resources */ = {isa = PBXBuildFile; fileRef = 4B1C08251A99648000B0F51D /* LaunchScreen.xib */; };
		4B1C08331A99648000B0F51D /* alertview_swiftTests.swift in Sources */ = {isa = PBXBuildFile; fileRef = 4B1C08321A99648000B0F51D /* alertview_swiftTests.swift */; };
/* End PBXBuildFile section */

/* Begin PBXContainerItemProxy section */
		4B1C082D1A99648000B0F51D /* PBXContainerItemProxy */ = {
			isa = PBXContainerItemProxy;
			containerPortal = 4B1C080F1A99648000B0F51D /* Project object */;
			proxyType = 1;
			remoteGlobalIDString = 4B1C08161A99648000B0F51D;
			remoteInfo = "alertview swift";
		};
/* End PBXContainerItemProxy section */

/* Begin PBXFileReference section */
		4B1C08171A99648000B0F51D /* alertview swift.app */ = {isa = PBXFileReference; explicitFileType = wrapper.application; includeInIndex = 0; path = "alertview swift.app"; sourceTree = BUILT_PRODUCTS_DIR; };
		4B1C081B1A99648000B0F51D /* Info.plist */ = {isa = PBXFileReference; lastKnownFileType = text.plist.xml; path = Info.plist; sourceTree = "<group>"; };
		4B1C081C1A99648000B0F51D /* AppDelegate.swift */ = {isa = PBXFileReference; lastKnownFileType = sourcecode.swift; path = AppDelegate.swift; sourceTree = "<group>"; };
		4B1C081E1A99648000B0F51D /* ViewController.swift */ = {isa = PBXFileReference; lastKnownFileType = sourcecode.swift; path = ViewController.swift; sourceTree = "<group>"; };
		4B1C08211A99648000B0F51D /* Base */ = {isa = PBXFileReference; lastKnownFileType = file.storyboard; name = Base; path = Base.lproj/Main.storyboard; sourceTree = "<group>"; };
		4B1C08231A99648000B0F51D /* Images.xcassets */ = {isa = PBXFileReference; lastKnownFileType = folder.assetcatalog; path = Images.xcassets; sourceTree = "<group>"; };
		4B1C08261A99648000B0F51D /* Base */ = {isa = PBXFileReference; lastKnownFileType = file.xib; name = Base; path = Base.lproj/LaunchScreen.xib; sourceTree = "<group>"; };
		4B1C082C1A99648000B0F51D /* alertview swiftTests.xctest */ = {isa = PBXFileReference; explicitFileType = wrapper.cfbundle; includeInIndex = 0; path = "alertview swiftTests.xctest"; sourceTree = BUILT_PRODUCTS_DIR; };
		4B1C08311A99648000B0F51D /* Info.plist */ = {isa = PBXFileReference; lastKnownFileType = text.plist.xml; path = Info.plist; sourceTree = "<group>"; };
		4B1C08321A99648000B0F51D /* alertview_swiftTests.swift */ = {isa = PBXFileReference; lastKnownFileType = sourcecode.swift; path = alertview_swiftTests.swift; sourceTree = "<group>"; };
/* End PBXFileReference section */

/* Begin PBXFrameworksBuildPhase section */
		4B1C08141A99648000B0F51D /* Frameworks */ = {
			isa = PBXFrameworksBuildPhase;
			buildActionMask = 2147483647;
			files = (
			);
			runOnlyForDeploymentPostprocessing = 0;
		};
		4B1C08291A99648000B0F51D /* Frameworks */ = {
			isa = PBXFrameworksBuildPhase;
			buildActionMask = 2147483647;
			files = (
			);
			runOnlyForDeploymentPostprocessing = 0;
		};
/* End PBXFrameworksBuildPhase section */

/* Begin PBXGroup section */
		4B1C080E1A99648000B0F51D = {
			isa = PBXGroup;
			children = (
				4B1C08191A99648000B0F51D /* alertview swift */,
				4B1C082F1A99648000B0F51D /* alertview swiftTests */,
				4B1C08181A99648000B0F51D /* Products */,
			);
			sourceTree = "<group>";
		};
		4B1C08181A99648000B0F51D /* Products */ = {
			isa = PBXGroup;
			children = (
				4B1C08171A99648000B0F51D /* alertview swift.app */,
				4B1C082C1A99648000B0F51D /* alertview swiftTests.xctest */,
			);
			name = Products;
			sourceTree = "<group>";
		};
		4B1C08191A99648000B0F51D /* alertview swift */ = {
			isa = PBXGroup;
			children = (
				4B1C081C1A99648000B0F51D /* AppDelegate.swift */,
				4B1C081E1A99648000B0F51D /* ViewController.swift */,
				4B1C08201A99648000B0F51D /* Main.storyboard */,
				4B1C08231A99648000B0F51D /* Images.xcassets */,
				4B1C08251A99648000B0F51D /* LaunchScreen.xib */,
				4B1C081A1A99648000B0F51D /* Supporting Files */,
			);
			path = "alertview swift";
			sourceTree = "<group>";
		};
		4B1C081A1A99648000B0F51D /* Supporting Files */ = {
			isa = PBXGroup;
			children = (
				4B1C081B1A99648000B0F51D /* Info.plist */,
			);
			name = "Supporting Files";
			sourceTree = "<group>";
		};
		4B1C082F1A99648000B0F51D /* alertview swiftTests */ = {
			isa = PBXGroup;
			children = (
				4B1C08321A99648000B0F51D /* alertview_swiftTests.swift */,
				4B1C08301A99648000B0F51D /* Supporting Files */,
			);
			path = "alertview swiftTests";
			sourceTree = "<group>";
		};
		4B1C08301A99648000B0F51D /* Supporting Files */ = {
			isa = PBXGroup;
			children = (
				4B1C08311A99648000B0F51D /* Info.plist */,
			);
			name = "Supporting Files";
			sourceTree = "<group>";
		};
/* End PBXGroup section */

/* Begin PBXNativeTarget section */
		4B1C08161A99648000B0F51D /* alertview swift */ = {
			isa = PBXNativeTarget;
			buildConfigurationList = 4B1C08361A99648000B0F51D /* Build configuration list for PBXNativeTarget "alertview swift" */;
			buildPhases = (
				4B1C08131A99648000B0F51D /* Sources */,
				4B1C08141A99648000B0F51D /* Frameworks */,
				4B1C08151A99648000B0F51D /* Resources */,
			);
			buildRules = (
			);
			dependencies = (
			);
			name = "alertview swift";
			productName = "alertview swift";
			productReference = 4B1C08171A99648000B0F51D /* alertview swift.app */;
			productType = "com.apple.product-type.application";
		};
		4B1C082B1A99648000B0F51D /* alertview swiftTests */ = {
			isa = PBXNativeTarget;
			buildConfigurationList = 4B1C08391A99648000B0F51D /* Build configuration list for PBXNativeTarget "alertview swiftTests" */;
			buildPhases = (
				4B1C08281A99648000B0F51D /* Sources */,
				4B1C08291A99648000B0F51D /* Frameworks */,
				4B1C082A1A99648000B0F51D /* Resources */,
			);
			buildRules = (
			);
			dependencies = (
				4B1C082E1A99648000B0F51D /* PBXTargetDependency */,
			);
			name = "alertview swiftTests";
			productName = "alertview swiftTests";
			productReference = 4B1C082C1A99648000B0F51D /* alertview swiftTests.xctest */;
			productType = "com.apple.product-type.bundle.unit-test";
		};
/* End PBXNativeTarget section */

/* Begin PBXProject section */
		4B1C080F1A99648000B0F51D /* Project object */ = {
			isa = PBXProject;
			attributes = {
				LastUpgradeCheck = 0610;
				ORGANIZATIONNAME = mycompany;
				TargetAttributes = {
					4B1C08161A99648000B0F51D = {
						CreatedOnToolsVersion = 6.1.1;
					};
					4B1C082B1A99648000B0F51D = {
						CreatedOnToolsVersion = 6.1.1;
						TestTargetID = 4B1C08161A99648000B0F51D;
					};
				};
			};
			buildConfigurationList = 4B1C08121A99648000B0F51D /* Build configuration list for PBXProject "alertview swift" */;
			compatibilityVersion = "Xcode 3.2";
			developmentRegion = English;
			hasScannedForEncodings = 0;
			knownRegions = (
				en,
				Base,
			);
			mainGroup = 4B1C080E1A99648000B0F51D;
			productRefGroup = 4B1C08181A99648000B0F51D /* Products */;
			projectDirPath = "";
			projectRoot = "";
			targets = (
				4B1C08161A99648000B0F51D /* alertview swift */,
				4B1C082B1A99648000B0F51D /* alertview swiftTests */,
			);
		};
/* End PBXProject section */

/* Begin PBXResourcesBuildPhase section */
		4B1C08151A99648000B0F51D /* Resources */ = {
			isa = PBXResourcesBuildPhase;
			buildActionMask = 2147483647;
			files = (
				4B1C08221A99648000B0F51D /* Main.storyboard in Resources */,
				4B1C08271A99648000B0F51D /* LaunchScreen.xib in Resources */,
				4B1C08241A99648000B0F51D /* Images.xcassets in Resources */,
			);
			runOnlyForDeploymentPostprocessing = 0;
		};
		4B1C082A1A99648000B0F51D /* Resources */ = {
			isa = PBXResourcesBuildPhase;
			buildActionMask = 2147483647;
			files = (
			);
			runOnlyForDeploymentPostprocessing = 0;
		};
/* End PBXResourcesBuildPhase section */

/* Begin PBXSourcesBuildPhase section */
		4B1C08131A99648000B0F51D /* Sources */ = {
			isa = PBXSourcesBuildPhase;
			buildActionMask = 2147483647;
			files = (
				4B1C081F1A99648000B0F51D /* ViewController.swift in Sources */,
				4B1C081D1A99648000B0F51D /* AppDelegate.swift in Sources */,
			);
			runOnlyForDeploymentPostprocessing = 0;
		};
		4B1C08281A99648000B0F51D /* Sources */ = {
			isa = PBXSourcesBuildPhase;
			buildActionMask = 2147483647;
			files = (
				4B1C08331A99648000B0F51D /* alertview_swiftTests.swift in Sources */,
			);
			runOnlyForDeploymentPostprocessing = 0;
		};
/* End PBXSourcesBuildPhase section */

/* Begin PBXTargetDependency section */
		4B1C082E1A99648000B0F51D /* PBXTargetDependency */ = {
			isa = PBXTargetDependency;
			target = 4B1C08161A99648000B0F51D /* alertview swift */;
			targetProxy = 4B1C082D1A99648000B0F51D /* PBXContainerItemProxy */;
		};
/* End PBXTargetDependency section */

/* Begin PBXVariantGroup section */
		4B1C08201A99648000B0F51D /* Main.storyboard */ = {
			isa = PBXVariantGroup;
			children = (
				4B1C08211A99648000B0F51D /* Base */,
			);
			name = Main.storyboard;
			sourceTree = "<group>";
		};
		4B1C08251A99648000B0F51D /* LaunchScreen.xib */ = {
			isa = PBXVariantGroup;
			children = (
				4B1C08261A99648000B0F51D /* Base */,
			);
			name = LaunchScreen.xib;
			sourceTree = "<group>";
		};
/* End PBXVariantGroup section */

/* Begin XCBuildConfiguration section */
		4B1C08341A99648000B0F51D /* Debug */ = {
			isa = XCBuildConfiguration;
			buildSettings = {
				ALWAYS_SEARCH_USER_PATHS = NO;
				CLANG_CXX_LANGUAGE_STANDARD = "gnu++0x";
				CLANG_CXX_LIBRARY = "libc++";
				CLANG_ENABLE_MODULES = YES;
				CLANG_ENABLE_OBJC_ARC = YES;
				CLANG_WARN_BOOL_CONVERSION = YES;
				CLANG_WARN_CONSTANT_CONVERSION = YES;
				CLANG_WARN_DIRECT_OBJC_ISA_USAGE = YES_ERROR;
				CLANG_WARN_EMPTY_BODY = YES;
				CLANG_WARN_ENUM_CONVERSION = YES;
				CLANG_WARN_INT_CONVERSION = YES;
				CLANG_WARN_OBJC_ROOT_CLASS = YES_ERROR;
				CLANG_WARN_UNREACHABLE_CODE = YES;
				CLANG_WARN__DUPLICATE_METHOD_MATCH = YES;
				"CODE_SIGN_IDENTITY[sdk=iphoneos*]" = "iPhone Developer";
				COPY_PHASE_STRIP = NO;
				ENABLE_STRICT_OBJC_MSGSEND = YES;
				GCC_C_LANGUAGE_STANDARD = gnu99;
				GCC_DYNAMIC_NO_PIC = NO;
				GCC_OPTIMIZATION_LEVEL = 0;
				GCC_PREPROCESSOR_DEFINITIONS = (
					"DEBUG=1",
					"$(inherited)",
				);
				GCC_SYMBOLS_PRIVATE_EXTERN = NO;
				GCC_WARN_64_TO_32_BIT_CONVERSION = YES;
				GCC_WARN_ABOUT_RETURN_TYPE = YES_ERROR;
				GCC_WARN_UNDECLARED_SELECTOR = YES;
				GCC_WARN_UNINITIALIZED_AUTOS = YES_AGGRESSIVE;
				GCC_WARN_UNUSED_FUNCTION = YES;
				GCC_WARN_UNUSED_VARIABLE = YES;
				IPHONEOS_DEPLOYMENT_TARGET = 8.1;
				MTL_ENABLE_DEBUG_INFO = YES;
				ONLY_ACTIVE_ARCH = YES;
				SDKROOT = iphoneos;
				SWIFT_OPTIMIZATION_LEVEL = "-Onone";
			};
			name = Debug;
		};
		4B1C08351A99648000B0F51D /* Release */ = {
			isa = XCBuildConfiguration;
			buildSettings = {
				ALWAYS_SEARCH_USER_PATHS = NO;
				CLANG_CXX_LANGUAGE_STANDARD = "gnu++0x";
				CLANG_CXX_LIBRARY = "libc++";
				CLANG_ENABLE_MODULES = YES;
				CLANG_ENABLE_OBJC_ARC = YES;
				CLANG_WARN_BOOL_CONVERSION = YES;
				CLANG_WARN_CONSTANT_CONVERSION = YES;
				CLANG_WARN_DIRECT_OBJC_ISA_USAGE = YES_ERROR;
				CLANG_WARN_EMPTY_BODY = YES;
				CLANG_WARN_ENUM_CONVERSION = YES;
				CLANG_WARN_INT_CONVERSION = YES;
				CLANG_WARN_OBJC_ROOT_CLASS = YES_ERROR;
				CLANG_WARN_UNREACHABLE_CODE = YES;
				CLANG_WARN__DUPLICATE_METHOD_MATCH = YES;
				"CODE_SIGN_IDENTITY[sdk=iphoneos*]" = "iPhone Developer";
				COPY_PHASE_STRIP = YES;
				ENABLE_NS_ASSERTIONS = NO;
				ENABLE_STRICT_OBJC_MSGSEND = YES;
				GCC_C_LANGUAGE_STANDARD = gnu99;
				GCC_WARN_64_TO_32_BIT_CONVERSION = YES;
				GCC_WARN_ABOUT_RETURN_TYPE = YES_ERROR;
				GCC_WARN_UNDECLARED_SELECTOR = YES;
				GCC_WARN_UNINITIALIZED_AUTOS = YES_AGGRESSIVE;
				GCC_WARN_UNUSED_FUNCTION = YES;
				GCC_WARN_UNUSED_VARIABLE = YES;
				IPHONEOS_DEPLOYMENT_TARGET = 8.1;
				MTL_ENABLE_DEBUG_INFO = NO;
				SDKROOT = iphoneos;
				VALIDATE_PRODUCT = YES;
			};
			name = Release;
		};
		4B1C08371A99648000B0F51D /* Debug */ = {
			isa = XCBuildConfiguration;
			buildSettings = {
				ASSETCATALOG_COMPILER_APPICON_NAME = AppIcon;
				INFOPLIST_FILE = "alertview swift/Info.plist";
				LD_RUNPATH_SEARCH_PATHS = "$(inherited) @executable_path/Frameworks";
				PRODUCT_NAME = "$(TARGET_NAME)";
			};
			name = Debug;
		};
		4B1C08381A99648000B0F51D /* Release */ = {
			isa = XCBuildConfiguration;
			buildSettings = {
				ASSETCATALOG_COMPILER_APPICON_NAME = AppIcon;
				INFOPLIST_FILE = "alertview swift/Info.plist";
				LD_RUNPATH_SEARCH_PATHS = "$(inherited) @executable_path/Frameworks";
				PRODUCT_NAME = "$(TARGET_NAME)";
			};
			name = Release;
		};
		4B1C083A1A99648000B0F51D /* Debug */ = {
			isa = XCBuildConfiguration;
			buildSettings = {
				BUNDLE_LOADER = "$(TEST_HOST)";
				FRAMEWORK_SEARCH_PATHS = (
					"$(SDKROOT)/Developer/Library/Frameworks",
					"$(inherited)",
				);
				GCC_PREPROCESSOR_DEFINITIONS = (
					"DEBUG=1",
					"$(inherited)",
				);
				INFOPLIST_FILE = "alertview swiftTests/Info.plist";
				LD_RUNPATH_SEARCH_PATHS = "$(inherited) @executable_path/Frameworks @loader_path/Frameworks";
				PRODUCT_NAME = "$(TARGET_NAME)";
				TEST_HOST = "$(BUILT_PRODUCTS_DIR)/alertview swift.app/alertview swift";
			};
			name = Debug;
		};
		4B1C083B1A99648000B0F51D /* Release */ = {
			isa = XCBuildConfiguration;
			buildSettings = {
				BUNDLE_LOADER = "$(TEST_HOST)";
				FRAMEWORK_SEARCH_PATHS = (
					"$(SDKROOT)/Developer/Library/Frameworks",
					"$(inherited)",
				);
				INFOPLIST_FILE = "alertview swiftTests/Info.plist";
				LD_RUNPATH_SEARCH_PATHS = "$(inherited) @executable_path/Frameworks @loader_path/Frameworks";
				PRODUCT_NAME = "$(TARGET_NAME)";
				TEST_HOST = "$(BUILT_PRODUCTS_DIR)/alertview swift.app/alertview swift";
			};
			name = Release;
		};
/* End XCBuildConfiguration section */

/* Begin XCConfigurationList section */
		4B1C08121A99648000B0F51D /* Build configuration list for PBXProject "alertview swift" */ = {
			isa = XCConfigurationList;
			buildConfigurations = (
				4B1C08341A99648000B0F51D /* Debug */,
				4B1C08351A99648000B0F51D /* Release */,
			);
			defaultConfigurationIsVisible = 0;
			defaultConfigurationName = Release;
		};
		4B1C08361A99648000B0F51D /* Build configuration list for PBXNativeTarget "alertview swift" */ = {
			isa = XCConfigurationList;
			buildConfigurations = (
				4B1C08371A99648000B0F51D /* Debug */,
				4B1C08381A99648000B0F51D /* Release */,
			);
			defaultConfigurationIsVisible = 0;
		};
		4B1C08391A99648000B0F51D /* Build configuration list for PBXNativeTarget "alertview swiftTests" */ = {
			isa = XCConfigurationList;
			buildConfigurations = (
				4B1C083A1A99648000B0F51D /* Debug */,
				4B1C083B1A99648000B0F51D /* Release */,
			);
			defaultConfigurationIsVisible = 0;
		};
/* End XCConfigurationList section */
	};
	rootObject = 4B1C080F1A99648000B0F51D /* Project object */;
}
